<?xml version="1.0" encoding="utf-8"?>
<Project ToolsVersion="4.0" xmlns="http://schemas.microsoft.com/developer/msbuild/2003">
  <ItemGroup>
    <Filter Include="AppEntry">
      <UniqueIdentifier>{96e704aa-def7-499e-9abd-3c235e500216}</UniqueIdentifier>
    </Filter>
    <Filter Include="IOManager">
      <UniqueIdentifier>{beabc29e-af6f-42cd-a8e5-efc5756e255a}</UniqueIdentifier>
    </Filter>
  </ItemGroup>
  <ItemGroup>
    <ClCompile Include="Source\AppEntry\Application.cpp">
      <Filter>AppEntry</Filter>
    </ClCompile>
    <ClCompile Include="Source\AppEntry\EntryPoint.cpp">
      <Filter>AppEntry</Filter>
    </ClCompile>
    <ClCompile Include="Source\Precompiled.cpp" />
    <ClCompile Include="Source\IOManager\Handler_GLFW.cpp">
      <Filter>IOManager</Filter>
    </ClCompile>
    <ClCompile Include="Source\Graphics\Model3d.cpp" />
    <ClCompile Include="Source\Graphics\glslshader.cpp" />
    <ClCompile Include="Source\LapSupGraphics\Compiler.cpp" />
    <ClCompile Include="Source\LapSupGraphics\Mesh.cpp" />
    <ClCompile Include="Source\Core\FramerateController.cpp" />
    <ClCompile Include="Source\Scene\SceneManager.cpp" />
    <ClCompile Include="Source\Graphics\Camera.cpp" />
    <ClCompile Include="Source\Scene\Entity.cpp" />
    <ClCompile Include="Source\Scene\Scene.cpp" />
    <ClCompile Include="Source\Utilities\UUID.cpp" />
    <ClCompile Include="Source\Graphics\GraphicsSystem.cpp" />
    <ClCompile Include="Source\Editor\Editor.cpp" />
    <ClCompile Include="Source\Editor\ImGui\imgui.cpp" />
    <ClCompile Include="Source\Editor\ImGui\imgui_demo.cpp" />
    <ClCompile Include="Source\Editor\ImGui\imgui_draw.cpp" />
    <ClCompile Include="Source\Editor\ImGui\imgui_impl_glfw.cpp" />
    <ClCompile Include="Source\Editor\ImGui\imgui_impl_opengl3.cpp" />
    <ClCompile Include="Source\Editor\ImGui\imgui_stdlib.cpp" />
    <ClCompile Include="Source\Editor\ImGui\imgui_tables.cpp" />
    <ClCompile Include="Source\Editor\ImGui\imgui_widgets.cpp" />
    <ClCompile Include="Source\Editor\ImGui\ImGuizmo.cpp" />
    <ClCompile Include="Source\Editor\ImGui\ImSequencer.cpp" />
    <ClCompile Include="Source\Editor\ImGui\GraphEditor.cpp" />
    <ClCompile Include="Source\Editor\ImGui\ImCurveEdit.cpp" />
    <ClCompile Include="Source\Editor\ImGui\ImGradient.cpp" />
    <ClCompile Include="Source\AI\Blackboard.cpp" />
    <ClCompile Include="Source\AI\BehaviorTreeBuilder.cpp" />
    <ClCompile Include="Source\AI\BehaviorTree.cpp" />
    <ClCompile Include="Source\AI\ControlFlow\Sequencer.cpp" />
    <ClCompile Include="Source\AI\Decorators\Inverter.cpp" />
    <ClCompile Include="Source\AI\LeafNodes\MoveToPosition.cpp" />
    <ClCompile Include="Source\AI\Enemy.cpp" />
  </ItemGroup>
  <ItemGroup>
    <ClInclude Include="Source\AppEntry\Application.h">
      <Filter>AppEntry</Filter>
    </ClInclude>
    <ClInclude Include="Source\AppEntry\EntryPoint.h">
      <Filter>AppEntry</Filter>
    </ClInclude>
    <ClInclude Include="Source\Precompiled.h" />
    <ClInclude Include="Source\IOManager\Handler_GLFW.h">
      <Filter>IOManager</Filter>
    </ClInclude>
    <ClInclude Include="Source\Graphics\Model3d.h" />
    <ClInclude Include="Source\Graphics\glslshader.h" />
    <ClInclude Include="Source\LapSupGraphics\Compiler.h" />
    <ClInclude Include="Source\LapSupGraphics\Mesh.h" />
    <ClInclude Include="Source\Core\EngineCore.h" />
    <ClInclude Include="Source\Core\FramerateController.h" />
    <ClInclude Include="Source\Core\SystemInterface.h" />
    <ClInclude Include="Source\Scene\SceneManager.h" />
    <ClInclude Include="Source\Graphics\Camera.h" />
    <ClInclude Include="Source\Scene\Components.h" />
    <ClInclude Include="Source\Utilities\SparseSet.h" />
    <ClInclude Include="Source\Core\Debug.h" />
    <ClInclude Include="Source\Utilities\UUID.h" />
    <ClInclude Include="Source\Utilities\TemplatePack.h" />
    <ClInclude Include="Source\Scene\Scene.h" />
    <ClInclude Include="Source\Scene\Entity.h" />
    <ClInclude Include="Source\Utilities\ObjectsArray.h" />
    <ClInclude Include="Source\Physics\PhysicsSystem.h" />
    <ClInclude Include="Source\Graphics\GraphicsSystem.h" />
    <ClInclude Include="Source\Core\Events.h" />
    <ClInclude Include="Source\Core\EventsManager.h" />
    <ClInclude Include="Source\Editor\Editor.h" />
    <ClInclude Include="Source\AI\Blackboard.h" />
    <ClInclude Include="Source\AI\BehaviorTreeBuilder.h" />
    <ClInclude Include="Source\AI\BehaviorTree.h" />
    <ClInclude Include="Source\AI\ControlFlow\Sequencer.h" />
    <ClInclude Include="Source\AI\Decorators\Inverter.h" />
    <ClInclude Include="Source\AI\LeafNodes\MoveToPosition.h" />
    <ClInclude Include="Source\AI\Enemy.h" />
    <ClInclude Include="Source\AI\NodeIncludes.h" />
  </ItemGroup>
</Project>