<?xml version="1.0" encoding="utf-8"?>
<Project ToolsVersion="4.0" xmlns="http://schemas.microsoft.com/developer/msbuild/2003">
  <ItemGroup>
    <Filter Include="AppEntry">
      <UniqueIdentifier>{96e704aa-def7-499e-9abd-3c235e500216}</UniqueIdentifier>
    </Filter>
    <Filter Include="IOManager">
      <UniqueIdentifier>{beabc29e-af6f-42cd-a8e5-efc5756e255a}</UniqueIdentifier>
    </Filter>
  </ItemGroup>
  <ItemGroup>
    <ClCompile Include="Source\AppEntry\Application.cpp">
      <Filter>AppEntry</Filter>
    </ClCompile>
    <ClCompile Include="Source\AppEntry\EntryPoint.cpp">
      <Filter>AppEntry</Filter>
    </ClCompile>
    <ClCompile Include="Source\Precompiled.cpp" />
    <ClCompile Include="Source\Graphics\Model3d.cpp" />
    <ClCompile Include="Source\Graphics\glslshader.cpp" />
    <ClCompile Include="Source\Core\FramerateController.cpp" />
    <ClCompile Include="Source\Scene\SceneManager.cpp" />
    <ClCompile Include="Source\Editor\EditorCamera.cpp" />
    <ClCompile Include="Source\Utilities\UUID.cpp" />
    <ClCompile Include="Source\Graphics\GraphicsSystem.cpp" />
    <ClCompile Include="Source\Editor\Editor.cpp" />
    <ClCompile Include="Source\AI\Blackboard.cpp" />
    <ClCompile Include="Source\AI\BehaviorTreeBuilder.cpp" />
    <ClCompile Include="Source\AI\BehaviorTree.cpp" />
    <ClCompile Include="Source\AI\ControlFlow\Sequencer.cpp" />
    <ClCompile Include="Source\AI\Decorators\Inverter.cpp" />
    <ClCompile Include="Source\AI\LeafNodes\MoveToPosition.cpp" />
    <ClCompile Include="Source\AI\Enemy.cpp" />
    <ClCompile Include="Source\Utilities\PlatformUtils.cpp" />
    <ClCompile Include="Source\Scene\SceneManager.cpp" />
    <ClCompile Include="Source\Utilities\SparseSet.cpp" />
    <ClCompile Include="Source\Utilities\ObjectsList.cpp" />
    <ClCompile Include="Source\Utilities\ObjectsBList.cpp" />
    <ClCompile Include="Source\IOManager\InputSystem.cpp" />
    <ClCompile Include="Source\IOManager\InputHandler.cpp" />
    <ClCompile Include="Source\AssetManager\AssetManager.cpp" />
    <ClCompile Include="Source\Editor\EditorTemplates.cpp" />
    <ClCompile Include="Source\Graphics\Framebuffer.cpp" />
    <ClCompile Include="Source\Utilities\FileWatcher.cpp" />
    <ClCompile Include="Source\Graphics\TextureManager.cpp" />
    <ClCompile Include="Source\Editor\EditorScene.cpp" />
    <ClCompile Include="Source\Editor\EditorMenuBar.cpp" />
    <ClCompile Include="Source\Editor\EditorContentBrowser.cpp" />
    <ClCompile Include="Source\Editor\EditorInspector.cpp" />
    <ClCompile Include="Source\Editor\EditorToolBar.cpp" />
    <ClCompile Include="Source\Editor\EditorHierarchy.cpp" />
    <ClCompile Include="Source\Editor\EditorDebugger.cpp" />
    <ClCompile Include="Source\AI\NavMeshBuilder.cpp" />
    <ClCompile Include="Source\AI\Polygon.cpp" />
    <ClCompile Include="Source\AI\NavMesh.cpp" />
    <ClCompile Include="Source\Physics\PhysicsSystem.cpp" />
    <ClCompile Include="Source\Utilities\Serializer.cpp" />
    <ClCompile Include="Source\Utilities\YAMLUtils.cpp" />
    <ClCompile Include="Source\Scene\Components.cpp" />
    <ClCompile Include="Source\Utilities\ThreadPool.cpp" />
    <ClCompile Include="Source\Scripting\ScriptingSystem.cpp" />
    <ClCompile Include="Source\Debugging\Debugger.cpp" />
    <ClCompile Include="Source\Editor\ImGui\GraphEditor.cpp" />
    <ClCompile Include="Source\Editor\ImGui\ImCurveEdit.cpp" />
    <ClCompile Include="Source\Editor\ImGui\ImGradient.cpp" />
    <ClCompile Include="Source\Editor\ImGui\imgui.cpp" />
    <ClCompile Include="Source\Editor\ImGui\imgui_demo.cpp" />
    <ClCompile Include="Source\Editor\ImGui\imgui_draw.cpp" />
    <ClCompile Include="Source\Editor\ImGui\imgui_impl_glfw.cpp" />
    <ClCompile Include="Source\Editor\ImGui\imgui_impl_opengl3.cpp" />
    <ClCompile Include="Source\Editor\ImGui\imgui_stdlib.cpp" />
    <ClCompile Include="Source\Editor\ImGui\imgui_tables.cpp" />
    <ClCompile Include="Source\Editor\ImGui\imgui_widgets.cpp" />
    <ClCompile Include="Source\Editor\ImGui\ImGuizmo.cpp" />
    <ClCompile Include="Source\Editor\ImGui\ImSequencer.cpp" />
    <ClCompile Include="Source\Graphics\MeshManager.cpp" />
    <ClCompile Include="Source\Editor\EditorPerformanceViewer.cpp" />
    <ClCompile Include="Source\Debugging\DemoSystem.cpp" />
    <ClCompile Include="Source\AI\Geometry.cpp" />
    <ClCompile Include="Source\Audio\AudioManager.cpp" />
    <ClCompile Include="Source\Audio\AudioSystem.cpp" />
    <ClCompile Include="Source\Editor\ImGui\implot.cpp" />
    <ClCompile Include="Source\Editor\ImGui\implot_demo.cpp" />
    <ClCompile Include="Source\Editor\ImGui\implot_items.cpp" />
    <ClCompile Include="Source\Scene\Scene.cpp" />
    <ClCompile Include="Source\Scene\HandlesTable.cpp" />
    <ClCompile Include="Source\Scene\Identifiers.cpp" />
    <ClCompile Include="Source\Graphics\ShadersManager.cpp" />
    <ClCompile Include="Source\Graphics\DebugDraw.cpp" />
    <ClCompile Include="Source\Graphics\Lighting.cpp" />
    <ClCompile Include="Source\Graphics\Renderer.cpp" />
    <ClCompile Include="Source\Graphics\SkyboxManager.cpp" />
    <ClCompile Include="Source\Graphics\GBuffer.cpp" />
    <ClCompile Include="Source\Graphics\BaseCamera.cpp" />
    <ClCompile Include="Source\Editor\EditorGame.cpp" />
    <ClCompile Include="Source\Editor\EditorHistory.cpp" />
    <ClCompile Include="Source\Utilities\GUID.cpp" />
    <ClCompile Include="Source\AssetManager\ModelCompiler.cpp" />
    <ClCompile Include="Source\Graphics\GraphicsSetting.cpp" />
    <ClCompile Include="Source\Graphics\BaseAnimator.cpp" />
    <ClCompile Include="Source\Graphics\AnimationManager.cpp" />
    <ClCompile Include="Source\Graphics\ShaderFileParser.cpp" />
    <ClCompile Include="Source\Graphics\Shadows.cpp" />
    <ClCompile Include="Source\Graphics\UIRenderer.cpp" />
    <ClCompile Include="Source\Graphics\ColourPicker.cpp" />
    <ClCompile Include="Source\AssetManager\ModelDecompiler.cpp" />
    <ClCompile Include="Source\Graphics\MaterialSystem.cpp" />
  </ItemGroup>
  <ItemGroup>
    <ClInclude Include="Source\AppEntry\Application.h">
      <Filter>AppEntry</Filter>
    </ClInclude>
    <ClInclude Include="Source\AppEntry\EntryPoint.h">
      <Filter>AppEntry</Filter>
    </ClInclude>
    <ClInclude Include="Source\Precompiled.h" />
    <ClInclude Include="Source\Graphics\Model3d.h" />
    <ClInclude Include="Source\Graphics\glslshader.h" />
    <ClInclude Include="Source\Core\EngineCore.h" />
    <ClInclude Include="Source\Core\FramerateController.h" />
    <ClInclude Include="Source\Core\SystemInterface.h" />
    <ClInclude Include="Source\Scene\SceneManager.h" />
    <ClInclude Include="Source\Editor\EditorCamera.h" />
    <ClInclude Include="Source\Scene\Components.h" />
    <ClInclude Include="Source\Utilities\SparseSet.h" />
    <ClInclude Include="Source\Utilities\UUID.h" />
    <ClInclude Include="Source\Utilities\TemplatePack.h" />
    <ClInclude Include="Source\Scene\Entity.h" />
    <ClInclude Include="Source\Utilities\ObjectsList.h" />
    <ClInclude Include="Source\Physics\PhysicsSystem.h" />
    <ClInclude Include="Source\Graphics\GraphicsSystem.h" />
    <ClInclude Include="Source\Core\Events.h" />
    <ClInclude Include="Source\Core\EventsManager.h" />
    <ClInclude Include="Source\Editor\Editor.h" />
    <ClInclude Include="Source\AI\Blackboard.h" />
    <ClInclude Include="Source\AI\BehaviorTreeBuilder.h" />
    <ClInclude Include="Source\AI\BehaviorTree.h" />
    <ClInclude Include="Source\AI\ControlFlow\Sequencer.h" />
    <ClInclude Include="Source\AI\Decorators\Inverter.h" />
    <ClInclude Include="Source\AI\LeafNodes\MoveToPosition.h" />
    <ClInclude Include="Source\AI\Enemy.h" />
    <ClInclude Include="Source\AI\NodeIncludes.h" />
    <ClInclude Include="Source\Utilities\PlatformUtils.h" />
    <ClInclude Include="Source\Scene\Scene.h" />
    <ClInclude Include="Source\Scene\SceneManager.h" />
    <ClInclude Include="Source\Utilities\ObjectsBList.h" />
    <ClInclude Include="Source\IOManager\InputSystem.h" />
    <ClInclude Include="Source\IOManager\InputHandler.h" />
    <ClInclude Include="Source\AssetManager\AssetManager.h" />
    <ClInclude Include="Source\Utilities\ObjectsArray.h" />
    <ClInclude Include="Source\Editor\EditorTemplates.h" />
    <ClInclude Include="Source\Graphics\Framebuffer.h" />
    <ClInclude Include="Source\Core\FileTypes.h" />
    <ClInclude Include="Source\Utilities\FileWatcher.h" />
    <ClInclude Include="Source\Graphics\TextureManager.h" />
    <ClInclude Include="Source\Editor\EditorHeaders.h" />
    <ClInclude Include="Source\AI\NavMeshBuilder.h" />
    <ClInclude Include="Source\AI\Polygon.h" />
    <ClInclude Include="Source\AI\NavMesh.h" />
    <ClInclude Include="Source\Utilities\Serializer.h" />
    <ClInclude Include="Source\Utilities\YAMLUtils.h" />
    <ClInclude Include="Source\Utilities\ThreadPool.h" />
    <ClInclude Include="Source\Scripting\ScriptingSystem.h" />
    <ClInclude Include="Source\Scripting\Compiler.h" />
    <ClInclude Include="Source\Debugging\Debugger.h" />
    <ClInclude Include="Source\Scripting\ScriptWrappers.h" />
    <ClInclude Include="Source\Scripting\ScriptFields.h" />
    <ClInclude Include="Source\Graphics\MeshManager.h" />
    <ClInclude Include="Source\Scene\Object.h" />
    <ClInclude Include="Source\Core\SystemsGroup.h" />
    <ClInclude Include="Source\Debugging\DemoSystem.h" />
    <ClInclude Include="Source\Graphics\GraphicStructsAndClass.h" />
    <ClInclude Include="Source\AI\Geometry.h" />
    <ClInclude Include="Source\Audio\AudioManager.h" />
    <ClInclude Include="Source\Audio\AudioSystem.h" />
    <ClInclude Include="Source\Scene\SceneTemplates.cpp" />
    <ClInclude Include="Source\Scene\HandlesTable.h" />
    <ClInclude Include="Source\Scene\Identifiers.h" />
    <ClInclude Include="Source\Graphics\GraphicsHeaders.h" />
    <ClInclude Include="Source\Graphics\GBuffer.h" />
    <ClInclude Include="Source\Graphics\BaseCamera.h" />
    <ClInclude Include="Source\Graphics\Ray3D.h" />
    <ClInclude Include="Source\Editor\EditorHistory.h" />
    <ClInclude Include="Source\Utilities\Interpolation.h" />
    <ClInclude Include="Source\Utilities\GUID.h" />
    <ClInclude Include="Source\AssetManager\AssetTypes.h" />
    <ClInclude Include="Source\AssetManager\AssetManagerTemplates.h" />
    <ClInclude Include="Source\Core\EventInterface.h" />
    <ClInclude Include="Source\AssetManager\ModelCompiler.h" />
    <ClInclude Include="Source\Graphics\BaseAnimator.h" />
    <ClInclude Include="Source\Graphics\AnimationManager.h" />
    <ClInclude Include="Source\Graphics\ShaderFileParser.h" />
    <ClInclude Include="Source\AssetManager\ModelDecompiler.h" />
    <ClInclude Include="Source\AssetManager\ModelClassAndStruct.h" />
  </ItemGroup>
  <ItemGroup>
    <None Include="Shaders\BasicLighting.frag" />
    <None Include="Shaders\BasicLighting.vert" />
    <None Include="Shaders\HDR.frag" />
    <None Include="Shaders\HDR.vert" />
    <None Include="Shaders\InstancedDebugRender.frag" />
    <None Include="Shaders\InstancedDebugRender.vert" />
    <None Include="Shaders\InstancedRender.frag" />
    <None Include="Shaders\InstancedRender.vert" />
    <None Include="Shaders\LightAffected.frag" />
    <None Include="Shaders\LightAffected.vert" />
    <None Include="Shaders\PBR.frag" />
    <None Include="Shaders\PBR.vert" />
    <None Include="Shaders\Skybox.frag" />
    <None Include="Shaders\Skybox.vert" />
    <None Include="Shaders\DefaultShader.vert" />
    <None Include="Shaders\DefaultShader.frag" />
    <None Include="Shaders\DefaultGbuffer.frag" />
    <None Include="Shaders\DefaultGbuffer.vert" />
    <None Include="Shaders\Shadow.vert" />
    <None Include="Shaders\Shadow.frag" />
    <None Include="Shaders\PointShadow.frag" />
    <None Include="Shaders\PointShadow.geom" />
    <None Include="Shaders\PointShadow.vert" />
    <None Include="Shaders\UIScreenSpace.frag" />
    <None Include="Shaders\UIScreenSpace.vert" />
    <None Include="Shaders\UIWorldSpace.vert" />
    <None Include="Shaders\UIWorldSpace.frag" />
    <None Include="Shaders\BloomBlur.frag" />
    <None Include="Shaders\BloomBlur.vert" />
    <None Include="Shaders\ColourPicking.frag" />
    <None Include="Shaders\ColourPicking.vert" />
  </ItemGroup>
</Project>