
Microsoft Visual Studio Solution File, Format Version 12.00
# Visual Studio Version 17
VisualStudioVersion = 17.5.33627.172
MinimumVisualStudioVersion = 10.0.40219.1
Project("{8BC9CEB8-8B4A-11D0-8D11-00A0C91BC942}") = "GAM300", "GAM300\GAM300.vcxproj", "{2EA1E690-1736-464D-B586-92E837EE3292}"
EndProject
Project("{8BC9CEB8-8B4A-11D0-8D11-00A0C91BC942}") = "Compiler", "Compiler\Compiler.vcxproj", "{541A3CFB-18C3-486D-ABD9-6B7BB6F84300}"
EndProject
Project("{2150E333-8FDC-42A3-9474-1A3956D46DE8}") = "Solution Items", "Solution Items", "{2836EE83-F281-4C41-9D93-4A7A3FE7F68C}"
EndProject
Project("{FAE04EC0-301F-11D3-BF4B-00C04F79EFBC}") = "Scripting", "Scripting\Scripting.csproj", "{47222B3F-A48C-43FD-81B1-D5A2D982E576}"
EndProject
Global
	GlobalSection(SolutionConfigurationPlatforms) = preSolution
		Debug|Any CPU = Debug|Any CPU
		Debug|x64 = Debug|x64
		Debug|x86 = Debug|x86
		Release|Any CPU = Release|Any CPU
		Release|x64 = Release|x64
		Release|x86 = Release|x86
	EndGlobalSection
	GlobalSection(ProjectConfigurationPlatforms) = postSolution
		{2EA1E690-1736-464D-B586-92E837EE3292}.Debug|Any CPU.ActiveCfg = Debug|x64
		{2EA1E690-1736-464D-B586-92E837EE3292}.Debug|Any CPU.Build.0 = Debug|x64
		{2EA1E690-1736-464D-B586-92E837EE3292}.Debug|x64.ActiveCfg = Debug|x64
		{2EA1E690-1736-464D-B586-92E837EE3292}.Debug|x64.Build.0 = Debug|x64
		{2EA1E690-1736-464D-B586-92E837EE3292}.Debug|x86.ActiveCfg = Debug|Win32
		{2EA1E690-1736-464D-B586-92E837EE3292}.Debug|x86.Build.0 = Debug|Win32
		{2EA1E690-1736-464D-B586-92E837EE3292}.Release|Any CPU.ActiveCfg = Release|x64
		{2EA1E690-1736-464D-B586-92E837EE3292}.Release|Any CPU.Build.0 = Release|x64
		{2EA1E690-1736-464D-B586-92E837EE3292}.Release|x64.ActiveCfg = Release|x64
		{2EA1E690-1736-464D-B586-92E837EE3292}.Release|x64.Build.0 = Release|x64
		{2EA1E690-1736-464D-B586-92E837EE3292}.Release|x86.ActiveCfg = Release|Win32
		{2EA1E690-1736-464D-B586-92E837EE3292}.Release|x86.Build.0 = Release|Win32
		{541A3CFB-18C3-486D-ABD9-6B7BB6F84300}.Debug|Any CPU.ActiveCfg = Debug|x64
		{541A3CFB-18C3-486D-ABD9-6B7BB6F84300}.Debug|Any CPU.Build.0 = Debug|x64
		{541A3CFB-18C3-486D-ABD9-6B7BB6F84300}.Debug|x64.ActiveCfg = Debug|x64
		{541A3CFB-18C3-486D-ABD9-6B7BB6F84300}.Debug|x64.Build.0 = Debug|x64
		{541A3CFB-18C3-486D-ABD9-6B7BB6F84300}.Debug|x86.ActiveCfg = Debug|Win32
		{541A3CFB-18C3-486D-ABD9-6B7BB6F84300}.Debug|x86.Build.0 = Debug|Win32
		{541A3CFB-18C3-486D-ABD9-6B7BB6F84300}.Release|Any CPU.ActiveCfg = Release|x64
		{541A3CFB-18C3-486D-ABD9-6B7BB6F84300}.Release|Any CPU.Build.0 = Release|x64
		{541A3CFB-18C3-486D-ABD9-6B7BB6F84300}.Release|x64.ActiveCfg = Release|x64
		{541A3CFB-18C3-486D-ABD9-6B7BB6F84300}.Release|x64.Build.0 = Release|x64
		{541A3CFB-18C3-486D-ABD9-6B7BB6F84300}.Release|x86.ActiveCfg = Release|Win32
		{541A3CFB-18C3-486D-ABD9-6B7BB6F84300}.Release|x86.Build.0 = Release|Win32
		{47222B3F-A48C-43FD-81B1-D5A2D982E576}.Debug|Any CPU.ActiveCfg = Debug|Any CPU
		{47222B3F-A48C-43FD-81B1-D5A2D982E576}.Debug|Any CPU.Build.0 = Debug|Any CPU
		{47222B3F-A48C-43FD-81B1-D5A2D982E576}.Debug|x64.ActiveCfg = Debug|Any CPU
		{47222B3F-A48C-43FD-81B1-D5A2D982E576}.Debug|x64.Build.0 = Debug|Any CPU
		{47222B3F-A48C-43FD-81B1-D5A2D982E576}.Debug|x86.ActiveCfg = Debug|Any CPU
		{47222B3F-A48C-43FD-81B1-D5A2D982E576}.Debug|x86.Build.0 = Debug|Any CPU
		{47222B3F-A48C-43FD-81B1-D5A2D982E576}.Release|Any CPU.ActiveCfg = Release|Any CPU
		{47222B3F-A48C-43FD-81B1-D5A2D982E576}.Release|Any CPU.Build.0 = Release|Any CPU
		{47222B3F-A48C-43FD-81B1-D5A2D982E576}.Release|x64.ActiveCfg = Release|Any CPU
		{47222B3F-A48C-43FD-81B1-D5A2D982E576}.Release|x64.Build.0 = Release|Any CPU
		{47222B3F-A48C-43FD-81B1-D5A2D982E576}.Release|x86.ActiveCfg = Release|Any CPU
		{47222B3F-A48C-43FD-81B1-D5A2D982E576}.Release|x86.Build.0 = Release|Any CPU
	EndGlobalSection
	GlobalSection(SolutionProperties) = preSolution
		HideSolutionNode = FALSE
	EndGlobalSection
	GlobalSection(ExtensibilityGlobals) = postSolution
		SolutionGuid = {1F81B53C-0455-4EA4-8758-F1048E101078}
	EndGlobalSection
EndGlobal
