
Microsoft Visual Studio Solution File, Format Version 12.00
# Visual Studio Version 17
VisualStudioVersion = 17.2.32616.157
MinimumVisualStudioVersion = 10.0.40219.1
Project("{FAE04EC0-301F-11D3-BF4B-00C04F79EFBC}") = "ScriptCore", "ScriptCore.csproj", "{9819EB6E-19E8-4C95-8BD2-8B7BF7E42CED}"
EndProject
Global
	GlobalSection(SolutionConfigurationPlatforms) = preSolution
		Debug|Any CPU = Debug|Any CPU
		Release|Any CPU = Release|Any CPU
	EndGlobalSection
	GlobalSection(ProjectConfigurationPlatforms) = postSolution
		{9819EB6E-19E8-4C95-8BD2-8B7BF7E42CED}.Debug|Any CPU.ActiveCfg = Debug|Any CPU
		{9819EB6E-19E8-4C95-8BD2-8B7BF7E42CED}.Debug|Any CPU.Build.0 = Debug|Any CPU
		{9819EB6E-19E8-4C95-8BD2-8B7BF7E42CED}.Release|Any CPU.ActiveCfg = Release|Any CPU
		{9819EB6E-19E8-4C95-8BD2-8B7BF7E42CED}.Release|Any CPU.Build.0 = Release|Any CPU
	EndGlobalSection
	GlobalSection(SolutionProperties) = preSolution
		HideSolutionNode = FALSE
	EndGlobalSection
	GlobalSection(ExtensibilityGlobals) = postSolution
		SolutionGuid = {E0C048CD-BD9C-469C-92D0-D3F29D8608E5}
	EndGlobalSection
EndGlobal
